
Microsoft Visual Studio Solution File, Format Version 12.00
# Visual Studio Version 17
VisualStudioVersion = 17.2.32616.157
MinimumVisualStudioVersion = 10.0.40219.1
Project("{FAE04EC0-301F-11D3-BF4B-00C04F79EFBC}") = "211068", "211068\211068.csproj", "{979928EE-E1AF-4760-8F36-D6A9575FDD4F}"
EndProject
Global
	GlobalSection(SolutionConfigurationPlatforms) = preSolution
		Debug|Any CPU = Debug|Any CPU
		Release|Any CPU = Release|Any CPU
	EndGlobalSection
	GlobalSection(ProjectConfigurationPlatforms) = postSolution
		{979928EE-E1AF-4760-8F36-D6A9575FDD4F}.Debug|Any CPU.ActiveCfg = Debug|Any CPU
		{979928EE-E1AF-4760-8F36-D6A9575FDD4F}.Debug|Any CPU.Build.0 = Debug|Any CPU
		{979928EE-E1AF-4760-8F36-D6A9575FDD4F}.Release|Any CPU.ActiveCfg = Release|Any CPU
		{979928EE-E1AF-4760-8F36-D6A9575FDD4F}.Release|Any CPU.Build.0 = Release|Any CPU
	EndGlobalSection
	GlobalSection(SolutionProperties) = preSolution
		HideSolutionNode = FALSE
	EndGlobalSection
	GlobalSection(ExtensibilityGlobals) = postSolution
		SolutionGuid = {0FD9DCC3-A799-4F86-8C39-4A4727A7FF33}
	EndGlobalSection
EndGlobal
